
Microsoft Visual Studio Solution File, Format Version 12.00
# Visual Studio Version 17
VisualStudioVersion = 17.11.35312.102
MinimumVisualStudioVersion = 10.0.40219.1
Project("{2150E333-8FDC-42A3-9474-1A3956D46DE8}") = "Services", "Services", "{BF810E69-437B-4780-BF8B-32FFE129E93C}"
EndProject
Project("{2150E333-8FDC-42A3-9474-1A3956D46DE8}") = "Catalog", "Catalog", "{ED3AE810-9CFE-4154-86D1-70E58A7D54DC}"
EndProject
Project("{9A19103F-16F7-4668-BE54-9A1E7A4F7556}") = "Catalog.API", "Services\Catalog\Catalog.API\Catalog.API.csproj", "{44AB1E9F-53F8-4488-9957-812252F5A191}"
EndProject
Project("{2150E333-8FDC-42A3-9474-1A3956D46DE8}") = "BuildingBlocks", "BuildingBlocks", "{FF481F84-8786-459B-B4FE-BF39FCB8F824}"
EndProject
Project("{9A19103F-16F7-4668-BE54-9A1E7A4F7556}") = "BuildingBlocks", "BuildingBlocks\BuildingBlocks\BuildingBlocks.csproj", "{0DB9E7BF-2AAC-4F8B-814D-017A8754E9CA}"
EndProject
Project("{E53339B2-1760-4266-BCC7-CA923CBCF16C}") = "docker-compose", "docker-compose.dcproj", "{2C33FBCC-DB73-4810-8678-0F2600426E05}"
EndProject
Project("{2150E333-8FDC-42A3-9474-1A3956D46DE8}") = "Basket", "Basket", "{5359D6DE-B029-455F-8A55-B6E797E2BED1}"
EndProject
Project("{9A19103F-16F7-4668-BE54-9A1E7A4F7556}") = "Basket.API", "Services\Basket\Basket.API\Basket.API.csproj", "{BDDE9B13-D724-498F-B26B-90DA74786FCC}"
EndProject
Project("{2150E333-8FDC-42A3-9474-1A3956D46DE8}") = "Discount", "Discount", "{09E484B0-F24F-4730-8D90-6EE3B2070470}"
EndProject
Project("{FAE04EC0-301F-11D3-BF4B-00C04F79EFBC}") = "Discount.Grpc", "Services\Discount\Discount.Grpc\Discount.Grpc.csproj", "{A522B46B-3B5C-4C9A-985D-FBC40763435F}"
EndProject
Global
	GlobalSection(SolutionConfigurationPlatforms) = preSolution
		Debug|Any CPU = Debug|Any CPU
		Release|Any CPU = Release|Any CPU
	EndGlobalSection
	GlobalSection(ProjectConfigurationPlatforms) = postSolution
		{44AB1E9F-53F8-4488-9957-812252F5A191}.Debug|Any CPU.ActiveCfg = Debug|Any CPU
		{44AB1E9F-53F8-4488-9957-812252F5A191}.Debug|Any CPU.Build.0 = Debug|Any CPU
		{44AB1E9F-53F8-4488-9957-812252F5A191}.Release|Any CPU.ActiveCfg = Release|Any CPU
		{44AB1E9F-53F8-4488-9957-812252F5A191}.Release|Any CPU.Build.0 = Release|Any CPU
		{0DB9E7BF-2AAC-4F8B-814D-017A8754E9CA}.Debug|Any CPU.ActiveCfg = Debug|Any CPU
		{0DB9E7BF-2AAC-4F8B-814D-017A8754E9CA}.Debug|Any CPU.Build.0 = Debug|Any CPU
		{0DB9E7BF-2AAC-4F8B-814D-017A8754E9CA}.Release|Any CPU.ActiveCfg = Release|Any CPU
		{0DB9E7BF-2AAC-4F8B-814D-017A8754E9CA}.Release|Any CPU.Build.0 = Release|Any CPU
		{2C33FBCC-DB73-4810-8678-0F2600426E05}.Debug|Any CPU.ActiveCfg = Debug|Any CPU
		{2C33FBCC-DB73-4810-8678-0F2600426E05}.Debug|Any CPU.Build.0 = Debug|Any CPU
		{2C33FBCC-DB73-4810-8678-0F2600426E05}.Release|Any CPU.ActiveCfg = Release|Any CPU
		{2C33FBCC-DB73-4810-8678-0F2600426E05}.Release|Any CPU.Build.0 = Release|Any CPU
		{BDDE9B13-D724-498F-B26B-90DA74786FCC}.Debug|Any CPU.ActiveCfg = Debug|Any CPU
		{BDDE9B13-D724-498F-B26B-90DA74786FCC}.Debug|Any CPU.Build.0 = Debug|Any CPU
		{BDDE9B13-D724-498F-B26B-90DA74786FCC}.Release|Any CPU.ActiveCfg = Release|Any CPU
		{BDDE9B13-D724-498F-B26B-90DA74786FCC}.Release|Any CPU.Build.0 = Release|Any CPU
		{A522B46B-3B5C-4C9A-985D-FBC40763435F}.Debug|Any CPU.ActiveCfg = Debug|Any CPU
		{A522B46B-3B5C-4C9A-985D-FBC40763435F}.Debug|Any CPU.Build.0 = Debug|Any CPU
		{A522B46B-3B5C-4C9A-985D-FBC40763435F}.Release|Any CPU.ActiveCfg = Release|Any CPU
		{A522B46B-3B5C-4C9A-985D-FBC40763435F}.Release|Any CPU.Build.0 = Release|Any CPU
	EndGlobalSection
	GlobalSection(SolutionProperties) = preSolution
		HideSolutionNode = FALSE
	EndGlobalSection
	GlobalSection(NestedProjects) = preSolution
		{ED3AE810-9CFE-4154-86D1-70E58A7D54DC} = {BF810E69-437B-4780-BF8B-32FFE129E93C}
		{44AB1E9F-53F8-4488-9957-812252F5A191} = {ED3AE810-9CFE-4154-86D1-70E58A7D54DC}
		{0DB9E7BF-2AAC-4F8B-814D-017A8754E9CA} = {FF481F84-8786-459B-B4FE-BF39FCB8F824}
		{5359D6DE-B029-455F-8A55-B6E797E2BED1} = {BF810E69-437B-4780-BF8B-32FFE129E93C}
		{BDDE9B13-D724-498F-B26B-90DA74786FCC} = {5359D6DE-B029-455F-8A55-B6E797E2BED1}
		{09E484B0-F24F-4730-8D90-6EE3B2070470} = {BF810E69-437B-4780-BF8B-32FFE129E93C}
		{A522B46B-3B5C-4C9A-985D-FBC40763435F} = {09E484B0-F24F-4730-8D90-6EE3B2070470}
	EndGlobalSection
	GlobalSection(ExtensibilityGlobals) = postSolution
		SolutionGuid = {2FCBBE5F-E917-4FE9-ACB8-518E46BA556E}
	EndGlobalSection
EndGlobal
